
Microsoft Visual Studio Solution File, Format Version 12.00
# Visual Studio Version 17
VisualStudioVersion = 17.5.33424.131
MinimumVisualStudioVersion = 10.0.40219.1
Project("{FAE04EC0-301F-11D3-BF4B-00C04F79EFBC}") = "InterviewAPI", "InterviewAPI\InterviewAPI.csproj", "{0AE4B742-01BC-45F6-BA80-4836601EC603}"
EndProject
Global
	GlobalSection(SolutionConfigurationPlatforms) = preSolution
		Debug|Any CPU = Debug|Any CPU
		Release|Any CPU = Release|Any CPU
	EndGlobalSection
	GlobalSection(ProjectConfigurationPlatforms) = postSolution
		{0AE4B742-01BC-45F6-BA80-4836601EC603}.Debug|Any CPU.ActiveCfg = Debug|Any CPU
		{0AE4B742-01BC-45F6-BA80-4836601EC603}.Debug|Any CPU.Build.0 = Debug|Any CPU
		{0AE4B742-01BC-45F6-BA80-4836601EC603}.Release|Any CPU.ActiveCfg = Release|Any CPU
		{0AE4B742-01BC-45F6-BA80-4836601EC603}.Release|Any CPU.Build.0 = Release|Any CPU
	EndGlobalSection
	GlobalSection(SolutionProperties) = preSolution
		HideSolutionNode = FALSE
	EndGlobalSection
	GlobalSection(ExtensibilityGlobals) = postSolution
		SolutionGuid = {BDAD1CF4-29E1-4877-804A-D3E194DBB726}
	EndGlobalSection
EndGlobal
